// !$*UTF8*$!
{
	archiveVersion = 1;
	classes = {
	};
	objectVersion = 50;
	objects = {

/* Begin PBXBuildFile section */
		498002082337BFEB00E6783E /* AppDelegate.swift in Sources */ = {isa = PBXBuildFile; fileRef = 498002072337BFEB00E6783E /* AppDelegate.swift */; };
		4980020D2337BFEB00E6783E /* Main.storyboard in Resources */ = {isa = PBXBuildFile; fileRef = 4980020B2337BFEB00E6783E /* Main.storyboard */; };
		4980020F2337BFEE00E6783E /* Assets.xcassets in Resources */ = {isa = PBXBuildFile; fileRef = 4980020E2337BFEE00E6783E /* Assets.xcassets */; };
		498002122337BFEE00E6783E /* LaunchScreen.storyboard in Resources */ = {isa = PBXBuildFile; fileRef = 498002102337BFEE00E6783E /* LaunchScreen.storyboard */; };
		4980021D2337BFEE00E6783E /* GalleryTests.swift in Sources */ = {isa = PBXBuildFile; fileRef = 4980021C2337BFEE00E6783E /* GalleryTests.swift */; };
		498002282337BFEE00E6783E /* GalleryUITests.swift in Sources */ = {isa = PBXBuildFile; fileRef = 498002272337BFEE00E6783E /* GalleryUITests.swift */; };
		498002362338EA5700E6783E /* ViewPhotos.swift in Sources */ = {isa = PBXBuildFile; fileRef = 498002352338EA5700E6783E /* ViewPhotos.swift */; };
		4980023A2338ED9300E6783E /* ViewController.swift in Sources */ = {isa = PBXBuildFile; fileRef = 498002392338ED9300E6783E /* ViewController.swift */; };
/* End PBXBuildFile section */

/* Begin PBXContainerItemProxy section */
		498002192337BFEE00E6783E /* PBXContainerItemProxy */ = {
			isa = PBXContainerItemProxy;
			containerPortal = 498001FC2337BFEB00E6783E /* Project object */;
			proxyType = 1;
			remoteGlobalIDString = 498002032337BFEB00E6783E;
			remoteInfo = Gallery;
		};
		498002242337BFEE00E6783E /* PBXContainerItemProxy */ = {
			isa = PBXContainerItemProxy;
			containerPortal = 498001FC2337BFEB00E6783E /* Project object */;
			proxyType = 1;
			remoteGlobalIDString = 498002032337BFEB00E6783E;
			remoteInfo = Gallery;
		};
/* End PBXContainerItemProxy section */

/* Begin PBXFileReference section */
		498002042337BFEB00E6783E /* Gallery.app */ = {isa = PBXFileReference; explicitFileType = wrapper.application; includeInIndex = 0; path = Gallery.app; sourceTree = BUILT_PRODUCTS_DIR; };
		498002072337BFEB00E6783E /* AppDelegate.swift */ = {isa = PBXFileReference; lastKnownFileType = sourcecode.swift; path = AppDelegate.swift; sourceTree = "<group>"; };
		4980020C2337BFEB00E6783E /* Base */ = {isa = PBXFileReference; lastKnownFileType = file.storyboard; name = Base; path = Base.lproj/Main.storyboard; sourceTree = "<group>"; };
		4980020E2337BFEE00E6783E /* Assets.xcassets */ = {isa = PBXFileReference; lastKnownFileType = folder.assetcatalog; path = Assets.xcassets; sourceTree = "<group>"; };
		498002112337BFEE00E6783E /* Base */ = {isa = PBXFileReference; lastKnownFileType = file.storyboard; name = Base; path = Base.lproj/LaunchScreen.storyboard; sourceTree = "<group>"; };
		498002132337BFEE00E6783E /* Info.plist */ = {isa = PBXFileReference; lastKnownFileType = text.plist.xml; path = Info.plist; sourceTree = "<group>"; };
		498002182337BFEE00E6783E /* GalleryTests.xctest */ = {isa = PBXFileReference; explicitFileType = wrapper.cfbundle; includeInIndex = 0; path = GalleryTests.xctest; sourceTree = BUILT_PRODUCTS_DIR; };
		4980021C2337BFEE00E6783E /* GalleryTests.swift */ = {isa = PBXFileReference; lastKnownFileType = sourcecode.swift; path = GalleryTests.swift; sourceTree = "<group>"; };
		4980021E2337BFEE00E6783E /* Info.plist */ = {isa = PBXFileReference; lastKnownFileType = text.plist.xml; path = Info.plist; sourceTree = "<group>"; };
		498002232337BFEE00E6783E /* GalleryUITests.xctest */ = {isa = PBXFileReference; explicitFileType = wrapper.cfbundle; includeInIndex = 0; path = GalleryUITests.xctest; sourceTree = BUILT_PRODUCTS_DIR; };
		498002272337BFEE00E6783E /* GalleryUITests.swift */ = {isa = PBXFileReference; lastKnownFileType = sourcecode.swift; path = GalleryUITests.swift; sourceTree = "<group>"; };
		498002292337BFEE00E6783E /* Info.plist */ = {isa = PBXFileReference; lastKnownFileType = text.plist.xml; path = Info.plist; sourceTree = "<group>"; };
		498002352338EA5700E6783E /* ViewPhotos.swift */ = {isa = PBXFileReference; lastKnownFileType = sourcecode.swift; path = ViewPhotos.swift; sourceTree = "<group>"; };
		498002392338ED9300E6783E /* ViewController.swift */ = {isa = PBXFileReference; fileEncoding = 4; lastKnownFileType = sourcecode.swift; name = ViewController.swift; path = ../../../../.Trash/ViewController.swift; sourceTree = "<group>"; };
/* End PBXFileReference section */

/* Begin PBXFrameworksBuildPhase section */
		498002012337BFEB00E6783E /* Frameworks */ = {
			isa = PBXFrameworksBuildPhase;
			buildActionMask = 2147483647;
			files = (
			);
			runOnlyForDeploymentPostprocessing = 0;
		};
		498002152337BFEE00E6783E /* Frameworks */ = {
			isa = PBXFrameworksBuildPhase;
			buildActionMask = 2147483647;
			files = (
			);
			runOnlyForDeploymentPostprocessing = 0;
		};
		498002202337BFEE00E6783E /* Frameworks */ = {
			isa = PBXFrameworksBuildPhase;
			buildActionMask = 2147483647;
			files = (
			);
			runOnlyForDeploymentPostprocessing = 0;
		};
/* End PBXFrameworksBuildPhase section */

/* Begin PBXGroup section */
		498001FB2337BFEB00E6783E = {
			isa = PBXGroup;
			children = (
				498002062337BFEB00E6783E /* Gallery */,
				4980021B2337BFEE00E6783E /* GalleryTests */,
				498002262337BFEE00E6783E /* GalleryUITests */,
				498002052337BFEB00E6783E /* Products */,
			);
			sourceTree = "<group>";
		};
		498002052337BFEB00E6783E /* Products */ = {
			isa = PBXGroup;
			children = (
				498002042337BFEB00E6783E /* Gallery.app */,
				498002182337BFEE00E6783E /* GalleryTests.xctest */,
				498002232337BFEE00E6783E /* GalleryUITests.xctest */,
			);
			name = Products;
			sourceTree = "<group>";
		};
		498002062337BFEB00E6783E /* Gallery */ = {
			isa = PBXGroup;
			children = (
				498002072337BFEB00E6783E /* AppDelegate.swift */,
				4980020B2337BFEB00E6783E /* Main.storyboard */,
				4980020E2337BFEE00E6783E /* Assets.xcassets */,
				498002392338ED9300E6783E /* ViewController.swift */,
				498002102337BFEE00E6783E /* LaunchScreen.storyboard */,
				498002132337BFEE00E6783E /* Info.plist */,
				498002352338EA5700E6783E /* ViewPhotos.swift */,
			);
			path = Gallery;
			sourceTree = "<group>";
		};
		4980021B2337BFEE00E6783E /* GalleryTests */ = {
			isa = PBXGroup;
			children = (
				4980021C2337BFEE00E6783E /* GalleryTests.swift */,
				4980021E2337BFEE00E6783E /* Info.plist */,
			);
			path = GalleryTests;
			sourceTree = "<group>";
		};
		498002262337BFEE00E6783E /* GalleryUITests */ = {
			isa = PBXGroup;
			children = (
				498002272337BFEE00E6783E /* GalleryUITests.swift */,
				498002292337BFEE00E6783E /* Info.plist */,
			);
			path = GalleryUITests;
			sourceTree = "<group>";
		};
/* End PBXGroup section */

/* Begin PBXNativeTarget section */
		498002032337BFEB00E6783E /* Gallery */ = {
			isa = PBXNativeTarget;
			buildConfigurationList = 4980022C2337BFEE00E6783E /* Build configuration list for PBXNativeTarget "Gallery" */;
			buildPhases = (
				498002002337BFEB00E6783E /* Sources */,
				498002012337BFEB00E6783E /* Frameworks */,
				498002022337BFEB00E6783E /* Resources */,
			);
			buildRules = (
			);
			dependencies = (
			);
			name = Gallery;
			productName = Gallery;
			productReference = 498002042337BFEB00E6783E /* Gallery.app */;
			productType = "com.apple.product-type.application";
		};
		498002172337BFEE00E6783E /* GalleryTests */ = {
			isa = PBXNativeTarget;
			buildConfigurationList = 4980022F2337BFEE00E6783E /* Build configuration list for PBXNativeTarget "GalleryTests" */;
			buildPhases = (
				498002142337BFEE00E6783E /* Sources */,
				498002152337BFEE00E6783E /* Frameworks */,
				498002162337BFEE00E6783E /* Resources */,
			);
			buildRules = (
			);
			dependencies = (
				4980021A2337BFEE00E6783E /* PBXTargetDependency */,
			);
			name = GalleryTests;
			productName = GalleryTests;
			productReference = 498002182337BFEE00E6783E /* GalleryTests.xctest */;
			productType = "com.apple.product-type.bundle.unit-test";
		};
		498002222337BFEE00E6783E /* GalleryUITests */ = {
			isa = PBXNativeTarget;
			buildConfigurationList = 498002322337BFEE00E6783E /* Build configuration list for PBXNativeTarget "GalleryUITests" */;
			buildPhases = (
				4980021F2337BFEE00E6783E /* Sources */,
				498002202337BFEE00E6783E /* Frameworks */,
				498002212337BFEE00E6783E /* Resources */,
			);
			buildRules = (
			);
			dependencies = (
				498002252337BFEE00E6783E /* PBXTargetDependency */,
			);
			name = GalleryUITests;
			productName = GalleryUITests;
			productReference = 498002232337BFEE00E6783E /* GalleryUITests.xctest */;
			productType = "com.apple.product-type.bundle.ui-testing";
		};
/* End PBXNativeTarget section */

/* Begin PBXProject section */
		498001FC2337BFEB00E6783E /* Project object */ = {
			isa = PBXProject;
			attributes = {
				LastSwiftUpdateCheck = 1030;
				LastUpgradeCheck = 1030;
				ORGANIZATIONNAME = jabeed;
				TargetAttributes = {
					498002032337BFEB00E6783E = {
						CreatedOnToolsVersion = 10.3;
					};
					498002172337BFEE00E6783E = {
						CreatedOnToolsVersion = 10.3;
						TestTargetID = 498002032337BFEB00E6783E;
					};
					498002222337BFEE00E6783E = {
						CreatedOnToolsVersion = 10.3;
						TestTargetID = 498002032337BFEB00E6783E;
					};
				};
			};
			buildConfigurationList = 498001FF2337BFEB00E6783E /* Build configuration list for PBXProject "Gallery" */;
			compatibilityVersion = "Xcode 9.3";
			developmentRegion = en;
			hasScannedForEncodings = 0;
			knownRegions = (
				en,
				Base,
			);
			mainGroup = 498001FB2337BFEB00E6783E;
			productRefGroup = 498002052337BFEB00E6783E /* Products */;
			projectDirPath = "";
			projectRoot = "";
			targets = (
				498002032337BFEB00E6783E /* Gallery */,
				498002172337BFEE00E6783E /* GalleryTests */,
				498002222337BFEE00E6783E /* GalleryUITests */,
			);
		};
/* End PBXProject section */

/* Begin PBXResourcesBuildPhase section */
		498002022337BFEB00E6783E /* Resources */ = {
			isa = PBXResourcesBuildPhase;
			buildActionMask = 2147483647;
			files = (
				498002122337BFEE00E6783E /* LaunchScreen.storyboard in Resources */,
				4980020F2337BFEE00E6783E /* Assets.xcassets in Resources */,
				4980020D2337BFEB00E6783E /* Main.storyboard in Resources */,
			);
			runOnlyForDeploymentPostprocessing = 0;
		};
		498002162337BFEE00E6783E /* Resources */ = {
			isa = PBXResourcesBuildPhase;
			buildActionMask = 2147483647;
			files = (
			);
			runOnlyForDeploymentPostprocessing = 0;
		};
		498002212337BFEE00E6783E /* Resources */ = {
			isa = PBXResourcesBuildPhase;
			buildActionMask = 2147483647;
			files = (
			);
			runOnlyForDeploymentPostprocessing = 0;
		};
/* End PBXResourcesBuildPhase section */

/* Begin PBXSourcesBuildPhase section */
		498002002337BFEB00E6783E /* Sources */ = {
			isa = PBXSourcesBuildPhase;
			buildActionMask = 2147483647;
			files = (
				498002362338EA5700E6783E /* ViewPhotos.swift in Sources */,
				4980023A2338ED9300E6783E /* ViewController.swift in Sources */,
				498002082337BFEB00E6783E /* AppDelegate.swift in Sources */,
			);
			runOnlyForDeploymentPostprocessing = 0;
		};
		498002142337BFEE00E6783E /* Sources */ = {
			isa = PBXSourcesBuildPhase;
			buildActionMask = 2147483647;
			files = (
				4980021D2337BFEE00E6783E /* GalleryTests.swift in Sources */,
			);
			runOnlyForDeploymentPostprocessing = 0;
		};
		4980021F2337BFEE00E6783E /* Sources */ = {
			isa = PBXSourcesBuildPhase;
			buildActionMask = 2147483647;
			files = (
				498002282337BFEE00E6783E /* GalleryUITests.swift in Sources */,
			);
			runOnlyForDeploymentPostprocessing = 0;
		};
/* End PBXSourcesBuildPhase section */

/* Begin PBXTargetDependency section */
		4980021A2337BFEE00E6783E /* PBXTargetDependency */ = {
			isa = PBXTargetDependency;
			target = 498002032337BFEB00E6783E /* Gallery */;
			targetProxy = 498002192337BFEE00E6783E /* PBXContainerItemProxy */;
		};
		498002252337BFEE00E6783E /* PBXTargetDependency */ = {
			isa = PBXTargetDependency;
			target = 498002032337BFEB00E6783E /* Gallery */;
			targetProxy = 498002242337BFEE00E6783E /* PBXContainerItemProxy */;
		};
/* End PBXTargetDependency section */

/* Begin PBXVariantGroup section */
		4980020B2337BFEB00E6783E /* Main.storyboard */ = {
			isa = PBXVariantGroup;
			children = (
				4980020C2337BFEB00E6783E /* Base */,
			);
			name = Main.storyboard;
			sourceTree = "<group>";
		};
		498002102337BFEE00E6783E /* LaunchScreen.storyboard */ = {
			isa = PBXVariantGroup;
			children = (
				498002112337BFEE00E6783E /* Base */,
			);
			name = LaunchScreen.storyboard;
			sourceTree = "<group>";
		};
/* End PBXVariantGroup section */

/* Begin XCBuildConfiguration section */
		4980022A2337BFEE00E6783E /* Debug */ = {
			isa = XCBuildConfiguration;
			buildSettings = {
				ALWAYS_SEARCH_USER_PATHS = NO;
				CLANG_ANALYZER_NONNULL = YES;
				CLANG_ANALYZER_NUMBER_OBJECT_CONVERSION = YES_AGGRESSIVE;
				CLANG_CXX_LANGUAGE_STANDARD = "gnu++14";
				CLANG_CXX_LIBRARY = "libc++";
				CLANG_ENABLE_MODULES = YES;
				CLANG_ENABLE_OBJC_ARC = YES;
				CLANG_ENABLE_OBJC_WEAK = YES;
				CLANG_WARN_BLOCK_CAPTURE_AUTORELEASING = YES;
				CLANG_WARN_BOOL_CONVERSION = YES;
				CLANG_WARN_COMMA = YES;
				CLANG_WARN_CONSTANT_CONVERSION = YES;
				CLANG_WARN_DEPRECATED_OBJC_IMPLEMENTATIONS = YES;
				CLANG_WARN_DIRECT_OBJC_ISA_USAGE = YES_ERROR;
				CLANG_WARN_DOCUMENTATION_COMMENTS = YES;
				CLANG_WARN_EMPTY_BODY = YES;
				CLANG_WARN_ENUM_CONVERSION = YES;
				CLANG_WARN_INFINITE_RECURSION = YES;
				CLANG_WARN_INT_CONVERSION = YES;
				CLANG_WARN_NON_LITERAL_NULL_CONVERSION = YES;
				CLANG_WARN_OBJC_IMPLICIT_RETAIN_SELF = YES;
				CLANG_WARN_OBJC_LITERAL_CONVERSION = YES;
				CLANG_WARN_OBJC_ROOT_CLASS = YES_ERROR;
				CLANG_WARN_RANGE_LOOP_ANALYSIS = YES;
				CLANG_WARN_STRICT_PROTOTYPES = YES;
				CLANG_WARN_SUSPICIOUS_MOVE = YES;
				CLANG_WARN_UNGUARDED_AVAILABILITY = YES_AGGRESSIVE;
				CLANG_WARN_UNREACHABLE_CODE = YES;
				CLANG_WARN__DUPLICATE_METHOD_MATCH = YES;
				CODE_SIGN_IDENTITY = "iPhone Developer";
				COPY_PHASE_STRIP = NO;
				DEBUG_INFORMATION_FORMAT = dwarf;
				ENABLE_STRICT_OBJC_MSGSEND = YES;
				ENABLE_TESTABILITY = YES;
				GCC_C_LANGUAGE_STANDARD = gnu11;
				GCC_DYNAMIC_NO_PIC = NO;
				GCC_NO_COMMON_BLOCKS = YES;
				GCC_OPTIMIZATION_LEVEL = 0;
				GCC_PREPROCESSOR_DEFINITIONS = (
					"DEBUG=1",
					"$(inherited)",
				);
				GCC_WARN_64_TO_32_BIT_CONVERSION = YES;
				GCC_WARN_ABOUT_RETURN_TYPE = YES_ERROR;
				GCC_WARN_UNDECLARED_SELECTOR = YES;
				GCC_WARN_UNINITIALIZED_AUTOS = YES_AGGRESSIVE;
				GCC_WARN_UNUSED_FUNCTION = YES;
				GCC_WARN_UNUSED_VARIABLE = YES;
				IPHONEOS_DEPLOYMENT_TARGET = 12.4;
				MTL_ENABLE_DEBUG_INFO = INCLUDE_SOURCE;
				MTL_FAST_MATH = YES;
				ONLY_ACTIVE_ARCH = YES;
				SDKROOT = iphoneos;
				SWIFT_ACTIVE_COMPILATION_CONDITIONS = DEBUG;
				SWIFT_OPTIMIZATION_LEVEL = "-Onone";
			};
			name = Debug;
		};
		4980022B2337BFEE00E6783E /* Release */ = {
			isa = XCBuildConfiguration;
			buildSettings = {
				ALWAYS_SEARCH_USER_PATHS = NO;
				CLANG_ANALYZER_NONNULL = YES;
				CLANG_ANALYZER_NUMBER_OBJECT_CONVERSION = YES_AGGRESSIVE;
				CLANG_CXX_LANGUAGE_STANDARD = "gnu++14";
				CLANG_CXX_LIBRARY = "libc++";
				CLANG_ENABLE_MODULES = YES;
				CLANG_ENABLE_OBJC_ARC = YES;
				CLANG_ENABLE_OBJC_WEAK = YES;
				CLANG_WARN_BLOCK_CAPTURE_AUTORELEASING = YES;
				CLANG_WARN_BOOL_CONVERSION = YES;
				CLANG_WARN_COMMA = YES;
				CLANG_WARN_CONSTANT_CONVERSION = YES;
				CLANG_WARN_DEPRECATED_OBJC_IMPLEMENTATIONS = YES;
				CLANG_WARN_DIRECT_OBJC_ISA_USAGE = YES_ERROR;
				CLANG_WARN_DOCUMENTATION_COMMENTS = YES;
				CLANG_WARN_EMPTY_BODY = YES;
				CLANG_WARN_ENUM_CONVERSION = YES;
				CLANG_WARN_INFINITE_RECURSION = YES;
				CLANG_WARN_INT_CONVERSION = YES;
				CLANG_WARN_NON_LITERAL_NULL_CONVERSION = YES;
				CLANG_WARN_OBJC_IMPLICIT_RETAIN_SELF = YES;
				CLANG_WARN_OBJC_LITERAL_CONVERSION = YES;
				CLANG_WARN_OBJC_ROOT_CLASS = YES_ERROR;
				CLANG_WARN_RANGE_LOOP_ANALYSIS = YES;
				CLANG_WARN_STRICT_PROTOTYPES = YES;
				CLANG_WARN_SUSPICIOUS_MOVE = YES;
				CLANG_WARN_UNGUARDED_AVAILABILITY = YES_AGGRESSIVE;
				CLANG_WARN_UNREACHABLE_CODE = YES;
				CLANG_WARN__DUPLICATE_METHOD_MATCH = YES;
				CODE_SIGN_IDENTITY = "iPhone Developer";
				COPY_PHASE_STRIP = NO;
				DEBUG_INFORMATION_FORMAT = "dwarf-with-dsym";
				ENABLE_NS_ASSERTIONS = NO;
				ENABLE_STRICT_OBJC_MSGSEND = YES;
				GCC_C_LANGUAGE_STANDARD = gnu11;
				GCC_NO_COMMON_BLOCKS = YES;
				GCC_WARN_64_TO_32_BIT_CONVERSION = YES;
				GCC_WARN_ABOUT_RETURN_TYPE = YES_ERROR;
				GCC_WARN_UNDECLARED_SELECTOR = YES;
				GCC_WARN_UNINITIALIZED_AUTOS = YES_AGGRESSIVE;
				GCC_WARN_UNUSED_FUNCTION = YES;
				GCC_WARN_UNUSED_VARIABLE = YES;
				IPHONEOS_DEPLOYMENT_TARGET = 12.4;
				MTL_ENABLE_DEBUG_INFO = NO;
				MTL_FAST_MATH = YES;
				SDKROOT = iphoneos;
				SWIFT_COMPILATION_MODE = wholemodule;
				SWIFT_OPTIMIZATION_LEVEL = "-O";
				VALIDATE_PRODUCT = YES;
			};
			name = Release;
		};
		4980022D2337BFEE00E6783E /* Debug */ = {
			isa = XCBuildConfiguration;
			buildSettings = {
				ASSETCATALOG_COMPILER_APPICON_NAME = AppIcon;
				CODE_SIGN_STYLE = Automatic;
				INFOPLIST_FILE = Gallery/Info.plist;
				LD_RUNPATH_SEARCH_PATHS = (
					"$(inherited)",
					"@executable_path/Frameworks",
				);
				PRODUCT_BUNDLE_IDENTIFIER = "com.papa.-.Gallery";
				PRODUCT_NAME = "$(TARGET_NAME)";
				SWIFT_VERSION = 5.0;
				TARGETED_DEVICE_FAMILY = "1,2";
			};
			name = Debug;
		};
		4980022E2337BFEE00E6783E /* Release */ = {
			isa = XCBuildConfiguration;
			buildSettings = {
				ASSETCATALOG_COMPILER_APPICON_NAME = AppIcon;
				CODE_SIGN_STYLE = Automatic;
				INFOPLIST_FILE = Gallery/Info.plist;
				LD_RUNPATH_SEARCH_PATHS = (
					"$(inherited)",
					"@executable_path/Frameworks",
				);
				PRODUCT_BUNDLE_IDENTIFIER = "com.papa.-.Gallery";
				PRODUCT_NAME = "$(TARGET_NAME)";
				SWIFT_VERSION = 5.0;
				TARGETED_DEVICE_FAMILY = "1,2";
			};
			name = Release;
		};
		498002302337BFEE00E6783E /* Debug */ = {
			isa = XCBuildConfiguration;
			buildSettings = {
				ALWAYS_EMBED_SWIFT_STANDARD_LIBRARIES = YES;
				BUNDLE_LOADER = "$(TEST_HOST)";
				CODE_SIGN_STYLE = Automatic;
				INFOPLIST_FILE = GalleryTests/Info.plist;
				LD_RUNPATH_SEARCH_PATHS = (
					"$(inherited)",
					"@executable_path/Frameworks",
					"@loader_path/Frameworks",
				);
				PRODUCT_BUNDLE_IDENTIFIER = "com.papa.-.GalleryTests";
				PRODUCT_NAME = "$(TARGET_NAME)";
				SWIFT_VERSION = 5.0;
				TARGETED_DEVICE_FAMILY = "1,2";
				TEST_HOST = "$(BUILT_PRODUCTS_DIR)/Gallery.app/Gallery";
			};
			name = Debug;
		};
		498002312337BFEE00E6783E /* Release */ = {
			isa = XCBuildConfiguration;
			buildSettings = {
				ALWAYS_EMBED_SWIFT_STANDARD_LIBRARIES = YES;
				BUNDLE_LOADER = "$(TEST_HOST)";
				CODE_SIGN_STYLE = Automatic;
				INFOPLIST_FILE = GalleryTests/Info.plist;
				LD_RUNPATH_SEARCH_PATHS = (
					"$(inherited)",
					"@executable_path/Frameworks",
					"@loader_path/Frameworks",
				);
				PRODUCT_BUNDLE_IDENTIFIER = "com.papa.-.GalleryTests";
				PRODUCT_NAME = "$(TARGET_NAME)";
				SWIFT_VERSION = 5.0;
				TARGETED_DEVICE_FAMILY = "1,2";
				TEST_HOST = "$(BUILT_PRODUCTS_DIR)/Gallery.app/Gallery";
			};
			name = Release;
		};
		498002332337BFEE00E6783E /* Debug */ = {
			isa = XCBuildConfiguration;
			buildSettings = {
				ALWAYS_EMBED_SWIFT_STANDARD_LIBRARIES = YES;
				CODE_SIGN_STYLE = Automatic;
				INFOPLIST_FILE = GalleryUITests/Info.plist;
				LD_RUNPATH_SEARCH_PATHS = (
					"$(inherited)",
					"@executable_path/Frameworks",
					"@loader_path/Frameworks",
				);
				PRODUCT_BUNDLE_IDENTIFIER = "com.papa.-.GalleryUITests";
				PRODUCT_NAME = "$(TARGET_NAME)";
				SWIFT_VERSION = 5.0;
				TARGETED_DEVICE_FAMILY = "1,2";
				TEST_TARGET_NAME = Gallery;
			};
			name = Debug;
		};
		498002342337BFEE00E6783E /* Release */ = {
			isa = XCBuildConfiguration;
			buildSettings = {
				ALWAYS_EMBED_SWIFT_STANDARD_LIBRARIES = YES;
				CODE_SIGN_STYLE = Automatic;
				INFOPLIST_FILE = GalleryUITests/Info.plist;
				LD_RUNPATH_SEARCH_PATHS = (
					"$(inherited)",
					"@executable_path/Frameworks",
					"@loader_path/Frameworks",
				);
				PRODUCT_BUNDLE_IDENTIFIER = "com.papa.-.GalleryUITests";
				PRODUCT_NAME = "$(TARGET_NAME)";
				SWIFT_VERSION = 5.0;
				TARGETED_DEVICE_FAMILY = "1,2";
				TEST_TARGET_NAME = Gallery;
			};
			name = Release;
		};
/* End XCBuildConfiguration section */

/* Begin XCConfigurationList section */
		498001FF2337BFEB00E6783E /* Build configuration list for PBXProject "Gallery" */ = {
			isa = XCConfigurationList;
			buildConfigurations = (
				4980022A2337BFEE00E6783E /* Debug */,
				4980022B2337BFEE00E6783E /* Release */,
			);
			defaultConfigurationIsVisible = 0;
			defaultConfigurationName = Release;
		};
		4980022C2337BFEE00E6783E /* Build configuration list for PBXNativeTarget "Gallery" */ = {
			isa = XCConfigurationList;
			buildConfigurations = (
				4980022D2337BFEE00E6783E /* Debug */,
				4980022E2337BFEE00E6783E /* Release */,
			);
			defaultConfigurationIsVisible = 0;
			defaultConfigurationName = Release;
		};
		4980022F2337BFEE00E6783E /* Build configuration list for PBXNativeTarget "GalleryTests" */ = {
			isa = XCConfigurationList;
			buildConfigurations = (
				498002302337BFEE00E6783E /* Debug */,
				498002312337BFEE00E6783E /* Release */,
			);
			defaultConfigurationIsVisible = 0;
			defaultConfigurationName = Release;
		};
		498002322337BFEE00E6783E /* Build configuration list for PBXNativeTarget "GalleryUITests" */ = {
			isa = XCConfigurationList;
			buildConfigurations = (
				498002332337BFEE00E6783E /* Debug */,
				498002342337BFEE00E6783E /* Release */,
			);
			defaultConfigurationIsVisible = 0;
			defaultConfigurationName = Release;
		};
/* End XCConfigurationList section */
	};
	rootObject = 498001FC2337BFEB00E6783E /* Project object */;
}
